
Microsoft Visual Studio Solution File, Format Version 12.00
# Visual Studio Version 16
VisualStudioVersion = 16.0.31729.503
MinimumVisualStudioVersion = 10.0.40219.1
Project("{FAE04EC0-301F-11D3-BF4B-00C04F79EFBC}") = "MonteCarlo", "MonteCarlo\MonteCarlo.csproj", "{77C753FD-5CBD-4AB5-924F-62042EAC0417}"
EndProject
Global
	GlobalSection(SolutionConfigurationPlatforms) = preSolution
		Debug|Any CPU = Debug|Any CPU
		Release|Any CPU = Release|Any CPU
	EndGlobalSection
	GlobalSection(ProjectConfigurationPlatforms) = postSolution
		{77C753FD-5CBD-4AB5-924F-62042EAC0417}.Debug|Any CPU.ActiveCfg = Debug|Any CPU
		{77C753FD-5CBD-4AB5-924F-62042EAC0417}.Debug|Any CPU.Build.0 = Debug|Any CPU
		{77C753FD-5CBD-4AB5-924F-62042EAC0417}.Release|Any CPU.ActiveCfg = Release|Any CPU
		{77C753FD-5CBD-4AB5-924F-62042EAC0417}.Release|Any CPU.Build.0 = Release|Any CPU
	EndGlobalSection
	GlobalSection(SolutionProperties) = preSolution
		HideSolutionNode = FALSE
	EndGlobalSection
	GlobalSection(ExtensibilityGlobals) = postSolution
		SolutionGuid = {B86F3CE8-735A-41C2-BF5A-C00D913F20A1}
	EndGlobalSection
EndGlobal
